
Microsoft Visual Studio Solution File, Format Version 12.00
# Visual Studio Version 17
VisualStudioVersion = 17.4.33110.190
MinimumVisualStudioVersion = 10.0.40219.1
Project("{9A19103F-16F7-4668-BE54-9A1E7A4F7556}") = "UI.WEB", "CrediAgil_WebApp\UI.WEB.csproj", "{6201491E-7508-41BB-AF10-1F206132F662}"
EndProject
Global
	GlobalSection(SolutionConfigurationPlatforms) = preSolution
		Debug|Any CPU = Debug|Any CPU
		Release|Any CPU = Release|Any CPU
	EndGlobalSection
	GlobalSection(ProjectConfigurationPlatforms) = postSolution
		{6201491E-7508-41BB-AF10-1F206132F662}.Debug|Any CPU.ActiveCfg = Debug|Any CPU
		{6201491E-7508-41BB-AF10-1F206132F662}.Debug|Any CPU.Build.0 = Debug|Any CPU
		{6201491E-7508-41BB-AF10-1F206132F662}.Release|Any CPU.ActiveCfg = Release|Any CPU
		{6201491E-7508-41BB-AF10-1F206132F662}.Release|Any CPU.Build.0 = Release|Any CPU
	EndGlobalSection
	GlobalSection(SolutionProperties) = preSolution
		HideSolutionNode = FALSE
	EndGlobalSection
	GlobalSection(ExtensibilityGlobals) = postSolution
		SolutionGuid = {38E18A11-1259-4AB7-B0F8-74E2389D50AD}
	EndGlobalSection
EndGlobal
